Microsoft Visual Studio Solution File, Format Version 12.00
# Visual Studio 15
VisualStudioVersion = 15.0.26730.12
MinimumVisualStudioVersion = 10.0.40219.1
Project("{2150E333-8FDC-42A3-9474-1A3956D46DE8}") = "Source", "Source", "{030783D5-8B49-446B-B4BD-623CE9C87C7E}"
EndProject
Project("{2150E333-8FDC-42A3-9474-1A3956D46DE8}") = ".nuspec", ".nuspec", "{A31F0DBA-7B31-40C8-9887-2E51BD76D565}"
	ProjectSection(SolutionItems) = preProject
		nuspec\Invisionware.Net.GeoCoding.nuspec = nuspec\Invisionware.Net.GeoCoding.nuspec
		nuspec\Invisionware.Net.nuspec = nuspec\Invisionware.Net.nuspec
		nuspec\Invisionware.Net.RestEase.nuspec = nuspec\Invisionware.Net.RestEase.nuspec
	EndProjectSection
EndProject
Project("{2150E333-8FDC-42A3-9474-1A3956D46DE8}") = ".misc", ".misc", "{B67DBE97-2A64-4E27-8878-698FC381DABD}"
	ProjectSection(SolutionItems) = preProject
		build.cake = build.cake
		build.settings.json = build.settings.json
		build.version.json = build.version.json
		README.md = README.md
	EndProjectSection
EndProject
Project("{2150E333-8FDC-42A3-9474-1A3956D46DE8}") = "Tests", "Tests", "{FC9A0D21-3049-40EF-B6F1-55DA2CB685F3}"
EndProject
Project("{2150E333-8FDC-42A3-9474-1A3956D46DE8}") = "GeoCoding", "GeoCoding", "{FA43E6FA-F61C-4857-BADF-D55A67C8EC3A}"
EndProject
Project("{9A19103F-16F7-4668-BE54-9A1E7A4F7556}") = "Invisionware.Net.GeoCoding", "src\Invisionware.Net.GeoCoding\Invisionware.Net.GeoCoding.csproj", "{4A9088AD-8447-4812-9800-8E5625CF99D0}"
EndProject
Project("{9A19103F-16F7-4668-BE54-9A1E7A4F7556}") = "Invisionware.Net.GeoCoding.Google", "src\Invisionware.Net.GeoCoding.Google\Invisionware.Net.GeoCoding.Google.csproj", "{6BAAE104-3B8A-441F-8736-8DC9F4A27AFA}"
EndProject
Project("{9A19103F-16F7-4668-BE54-9A1E7A4F7556}") = "Invisionware.Net.GeoCoding.Interfaces", "src\Invisionware.Net.GeoCoding.Interfaces\Invisionware.Net.GeoCoding.Interfaces.csproj", "{A01BD832-A9EE-48B7-A311-49110BE604F1}"
EndProject
Project("{9A19103F-16F7-4668-BE54-9A1E7A4F7556}") = "Invisionware.Net.WebUtils", "src\Invisionware.Net.WebUtils\Invisionware.Net.WebUtils.csproj", "{C944CD78-EC8C-4A93-B63D-5A3E1C27089D}"
EndProject
Project("{FAE04EC0-301F-11D3-BF4B-00C04F79EFBC}") = "Invisionware.Net.WebUitls.Tests", "tests\Invisionware.Net.WebUitls.Tests\Invisionware.Net.WebUitls.Tests.csproj", "{B33CFE0A-B2B3-46C6-AE31-464BDE21B8A9}"
EndProject
Project("{FAE04EC0-301F-11D3-BF4B-00C04F79EFBC}") = "Invisionware.Net.GeoCoding.Google.Tests", "tests\Invisionware.Net.GeoCoding.Google.Tests\Invisionware.Net.GeoCoding.Google.Tests.csproj", "{3ADF37AB-5A97-45FA-9C36-F4B7B1AED668}"
EndProject
Project("{2150E333-8FDC-42A3-9474-1A3956D46DE8}") = ".nuget", ".nuget", "{170B64E1-5A0B-4469-A44D-BEEB9E88889D}"
	ProjectSection(SolutionItems) = preProject
		.nuget\NuGet.Config = .nuget\NuGet.Config
	EndProjectSection
EndProject
Project("{9A19103F-16F7-4668-BE54-9A1E7A4F7556}") = "Invisionware.Net", "src\Invisionware.Net\Invisionware.Net.csproj", "{76C08B37-980B-43EA-A0FF-DD56EC196CC7}"
EndProject
Project("{FAE04EC0-301F-11D3-BF4B-00C04F79EFBC}") = "Invisionware.Net.Tests", "tests\Invisionware.Net.Tests\Invisionware.Net.Tests.csproj", "{8CFDB383-7349-495B-ADBD-272F80BCE0DC}"
EndProject
Project("{FAE04EC0-301F-11D3-BF4B-00C04F79EFBC}") = "Invisionware.Net.RestEase.Tests", "tests\Invisionware.Net.RestEase.Tests\Invisionware.Net.RestEase.Tests.csproj", "{A8B4E04F-75C7-4210-87E5-FF3FE4E71949}"
EndProject
Project("{2150E333-8FDC-42A3-9474-1A3956D46DE8}") = "RestEase", "RestEase", "{E746D090-A0B5-47FF-81DA-6E5BE3A28B4E}"
EndProject
Project("{2150E333-8FDC-42A3-9474-1A3956D46DE8}") = "WebUtils", "WebUtils", "{3C923F3D-A5E7-41ED-8022-35E629B70112}"
EndProject
Project("{D954291E-2A0B-460D-934E-DC6B0785DB48}") = "Invisionware.Net.RestEase.Shared", "src\Invisionware.Net.RestEase.Shared\Invisionware.Net.RestEase.Shared.shproj", "{6A7BC2F0-4F87-46B4-9D1C-87D6E98BE1AE}"
EndProject
Project("{9A19103F-16F7-4668-BE54-9A1E7A4F7556}") = "Invisionware.Net.RestEase", "src\Invisionware.Net.RestEase\Invisionware.Net.RestEase.csproj", "{BE0922F0-C468-4311-8FA3-824F5C5EE14B}"
EndProject
Project("{D954291E-2A0B-460D-934E-DC6B0785DB48}") = "Invisionware.Net.WebUtils.Shared", "src\Invisionware.Net.WebUtils.Shared\Invisionware.Net.WebUtils.Shared.shproj", "{5334DEBC-D11E-4B35-B0D2-5F597A4ABB6C}"
EndProject
Project("{D954291E-2A0B-460D-934E-DC6B0785DB48}") = "Invisionware.Net.Shared", "src\Invisionware.Net.Shared\Invisionware.Net.Shared.shproj", "{441EAA6A-41E4-405A-856D-A8D521D7A3B8}"
EndProject
Project("{2150E333-8FDC-42A3-9474-1A3956D46DE8}") = "Core", "Core", "{BA0DFE0E-2CBC-4DB4-AFEE-2A0D83146610}"
EndProject
Global
	GlobalSection(SharedMSBuildProjectFiles) = preSolution
		src\Invisionware.Net.Shared\Invisionware.Net.Shared.projitems*{441eaa6a-41e4-405a-856d-a8d521d7a3b8}*SharedItemsImports = 13
		src\Invisionware.Net.WebUtils.Shared\Invisionware.Net.WebUtils.Shared.projitems*{5334debc-d11e-4b35-b0d2-5f597a4abb6c}*SharedItemsImports = 13
		src\Invisionware.Net.RestEase.Shared\Invisionware.Net.RestEase.Shared.projitems*{6a7bc2f0-4f87-46b4-9d1c-87d6e98be1ae}*SharedItemsImports = 13
	EndGlobalSection
	GlobalSection(SolutionConfigurationPlatforms) = preSolution
		Debug|Any CPU = Debug|Any CPU
		Debug|ARM = Debug|ARM
		Debug|x64 = Debug|x64
		Debug|x86 = Debug|x86
		Release|Any CPU = Release|Any CPU
		Release|ARM = Release|ARM
		Release|x64 = Release|x64
		Release|x86 = Release|x86
	EndGlobalSection
	GlobalSection(ProjectConfigurationPlatforms) = postSolution
		{4A9088AD-8447-4812-9800-8E5625CF99D0}.Debug|Any CPU.ActiveCfg = Debug|Any CPU
		{4A9088AD-8447-4812-9800-8E5625CF99D0}.Debug|Any CPU.Build.0 = Debug|Any CPU
		{4A9088AD-8447-4812-9800-8E5625CF99D0}.Debug|ARM.ActiveCfg = Debug|Any CPU
		{4A9088AD-8447-4812-9800-8E5625CF99D0}.Debug|ARM.Build.0 = Debug|Any CPU
		{4A9088AD-8447-4812-9800-8E5625CF99D0}.Debug|x64.ActiveCfg = Debug|Any CPU
		{4A9088AD-8447-4812-9800-8E5625CF99D0}.Debug|x64.Build.0 = Debug|Any CPU
		{4A9088AD-8447-4812-9800-8E5625CF99D0}.Debug|x86.ActiveCfg = Debug|Any CPU
		{4A9088AD-8447-4812-9800-8E5625CF99D0}.Debug|x86.Build.0 = Debug|Any CPU
		{4A9088AD-8447-4812-9800-8E5625CF99D0}.Release|Any CPU.ActiveCfg = Release|Any CPU
		{4A9088AD-8447-4812-9800-8E5625CF99D0}.Release|Any CPU.Build.0 = Release|Any CPU
		{4A9088AD-8447-4812-9800-8E5625CF99D0}.Release|ARM.ActiveCfg = Release|Any CPU
		{4A9088AD-8447-4812-9800-8E5625CF99D0}.Release|ARM.Build.0 = Release|Any CPU
		{4A9088AD-8447-4812-9800-8E5625CF99D0}.Release|x64.ActiveCfg = Release|Any CPU
		{4A9088AD-8447-4812-9800-8E5625CF99D0}.Release|x64.Build.0 = Release|Any CPU
		{4A9088AD-8447-4812-9800-8E5625CF99D0}.Release|x86.ActiveCfg = Release|Any CPU
		{4A9088AD-8447-4812-9800-8E5625CF99D0}.Release|x86.Build.0 = Release|Any CPU
		{6BAAE104-3B8A-441F-8736-8DC9F4A27AFA}.Debug|Any CPU.ActiveCfg = Debug|Any CPU
		{6BAAE104-3B8A-441F-8736-8DC9F4A27AFA}.Debug|Any CPU.Build.0 = Debug|Any CPU
		{6BAAE104-3B8A-441F-8736-8DC9F4A27AFA}.Debug|ARM.ActiveCfg = Debug|Any CPU
		{6BAAE104-3B8A-441F-8736-8DC9F4A27AFA}.Debug|ARM.Build.0 = Debug|Any CPU
		{6BAAE104-3B8A-441F-8736-8DC9F4A27AFA}.Debug|x64.ActiveCfg = Debug|Any CPU
		{6BAAE104-3B8A-441F-8736-8DC9F4A27AFA}.Debug|x64.Build.0 = Debug|Any CPU
		{6BAAE104-3B8A-441F-8736-8DC9F4A27AFA}.Debug|x86.ActiveCfg = Debug|Any CPU
		{6BAAE104-3B8A-441F-8736-8DC9F4A27AFA}.Debug|x86.Build.0 = Debug|Any CPU
		{6BAAE104-3B8A-441F-8736-8DC9F4A27AFA}.Release|Any CPU.ActiveCfg = Release|Any CPU
		{6BAAE104-3B8A-441F-8736-8DC9F4A27AFA}.Release|Any CPU.Build.0 = Release|Any CPU
		{6BAAE104-3B8A-441F-8736-8DC9F4A27AFA}.Release|ARM.ActiveCfg = Release|Any CPU
		{6BAAE104-3B8A-441F-8736-8DC9F4A27AFA}.Release|ARM.Build.0 = Release|Any CPU
		{6BAAE104-3B8A-441F-8736-8DC9F4A27AFA}.Release|x64.ActiveCfg = Release|Any CPU
		{6BAAE104-3B8A-441F-8736-8DC9F4A27AFA}.Release|x64.Build.0 = Release|Any CPU
		{6BAAE104-3B8A-441F-8736-8DC9F4A27AFA}.Release|x86.ActiveCfg = Release|Any CPU
		{6BAAE104-3B8A-441F-8736-8DC9F4A27AFA}.Release|x86.Build.0 = Release|Any CPU
		{A01BD832-A9EE-48B7-A311-49110BE604F1}.Debug|Any CPU.ActiveCfg = Debug|Any CPU
		{A01BD832-A9EE-48B7-A311-49110BE604F1}.Debug|Any CPU.Build.0 = Debug|Any CPU
		{A01BD832-A9EE-48B7-A311-49110BE604F1}.Debug|ARM.ActiveCfg = Debug|Any CPU
		{A01BD832-A9EE-48B7-A311-49110BE604F1}.Debug|ARM.Build.0 = Debug|Any CPU
		{A01BD832-A9EE-48B7-A311-49110BE604F1}.Debug|x64.ActiveCfg = Debug|Any CPU
		{A01BD832-A9EE-48B7-A311-49110BE604F1}.Debug|x64.Build.0 = Debug|Any CPU
		{A01BD832-A9EE-48B7-A311-49110BE604F1}.Debug|x86.ActiveCfg = Debug|Any CPU
		{A01BD832-A9EE-48B7-A311-49110BE604F1}.Debug|x86.Build.0 = Debug|Any CPU
		{A01BD832-A9EE-48B7-A311-49110BE604F1}.Release|Any CPU.ActiveCfg = Release|Any CPU
		{A01BD832-A9EE-48B7-A311-49110BE604F1}.Release|Any CPU.Build.0 = Release|Any CPU
		{A01BD832-A9EE-48B7-A311-49110BE604F1}.Release|ARM.ActiveCfg = Release|Any CPU
		{A01BD832-A9EE-48B7-A311-49110BE604F1}.Release|ARM.Build.0 = Release|Any CPU
		{A01BD832-A9EE-48B7-A311-49110BE604F1}.Release|x64.ActiveCfg = Release|Any CPU
		{A01BD832-A9EE-48B7-A311-49110BE604F1}.Release|x64.Build.0 = Release|Any CPU
		{A01BD832-A9EE-48B7-A311-49110BE604F1}.Release|x86.ActiveCfg = Release|Any CPU
		{A01BD832-A9EE-48B7-A311-49110BE604F1}.Release|x86.Build.0 = Release|Any CPU
		{C944CD78-EC8C-4A93-B63D-5A3E1C27089D}.Debug|Any CPU.ActiveCfg = Debug|Any CPU
		{C944CD78-EC8C-4A93-B63D-5A3E1C27089D}.Debug|Any CPU.Build.0 = Debug|Any CPU
		{C944CD78-EC8C-4A93-B63D-5A3E1C27089D}.Debug|ARM.ActiveCfg = Debug|Any CPU
		{C944CD78-EC8C-4A93-B63D-5A3E1C27089D}.Debug|ARM.Build.0 = Debug|Any CPU
		{C944CD78-EC8C-4A93-B63D-5A3E1C27089D}.Debug|x64.ActiveCfg = Debug|Any CPU
		{C944CD78-EC8C-4A93-B63D-5A3E1C27089D}.Debug|x64.Build.0 = Debug|Any CPU
		{C944CD78-EC8C-4A93-B63D-5A3E1C27089D}.Debug|x86.ActiveCfg = Debug|Any CPU
		{C944CD78-EC8C-4A93-B63D-5A3E1C27089D}.Debug|x86.Build.0 = Debug|Any CPU
		{C944CD78-EC8C-4A93-B63D-5A3E1C27089D}.Release|Any CPU.ActiveCfg = Release|Any CPU
		{C944CD78-EC8C-4A93-B63D-5A3E1C27089D}.Release|Any CPU.Build.0 = Release|Any CPU
		{C944CD78-EC8C-4A93-B63D-5A3E1C27089D}.Release|ARM.ActiveCfg = Release|Any CPU
		{C944CD78-EC8C-4A93-B63D-5A3E1C27089D}.Release|ARM.Build.0 = Release|Any CPU
		{C944CD78-EC8C-4A93-B63D-5A3E1C27089D}.Release|x64.ActiveCfg = Release|Any CPU
		{C944CD78-EC8C-4A93-B63D-5A3E1C27089D}.Release|x64.Build.0 = Release|Any CPU
		{C944CD78-EC8C-4A93-B63D-5A3E1C27089D}.Release|x86.ActiveCfg = Release|Any CPU
		{C944CD78-EC8C-4A93-B63D-5A3E1C27089D}.Release|x86.Build.0 = Release|Any CPU
		{B33CFE0A-B2B3-46C6-AE31-464BDE21B8A9}.Debug|Any CPU.ActiveCfg = Debug|Any CPU
		{B33CFE0A-B2B3-46C6-AE31-464BDE21B8A9}.Debug|Any CPU.Build.0 = Debug|Any CPU
		{B33CFE0A-B2B3-46C6-AE31-464BDE21B8A9}.Debug|ARM.ActiveCfg = Debug|Any CPU
		{B33CFE0A-B2B3-46C6-AE31-464BDE21B8A9}.Debug|ARM.Build.0 = Debug|Any CPU
		{B33CFE0A-B2B3-46C6-AE31-464BDE21B8A9}.Debug|x64.ActiveCfg = Debug|Any CPU
		{B33CFE0A-B2B3-46C6-AE31-464BDE21B8A9}.Debug|x64.Build.0 = Debug|Any CPU
		{B33CFE0A-B2B3-46C6-AE31-464BDE21B8A9}.Debug|x86.ActiveCfg = Debug|Any CPU
		{B33CFE0A-B2B3-46C6-AE31-464BDE21B8A9}.Debug|x86.Build.0 = Debug|Any CPU
		{B33CFE0A-B2B3-46C6-AE31-464BDE21B8A9}.Release|Any CPU.ActiveCfg = Release|Any CPU
		{B33CFE0A-B2B3-46C6-AE31-464BDE21B8A9}.Release|Any CPU.Build.0 = Release|Any CPU
		{B33CFE0A-B2B3-46C6-AE31-464BDE21B8A9}.Release|ARM.ActiveCfg = Release|Any CPU
		{B33CFE0A-B2B3-46C6-AE31-464BDE21B8A9}.Release|ARM.Build.0 = Release|Any CPU
		{B33CFE0A-B2B3-46C6-AE31-464BDE21B8A9}.Release|x64.ActiveCfg = Release|Any CPU
		{B33CFE0A-B2B3-46C6-AE31-464BDE21B8A9}.Release|x64.Build.0 = Release|Any CPU
		{B33CFE0A-B2B3-46C6-AE31-464BDE21B8A9}.Release|x86.ActiveCfg = Release|Any CPU
		{B33CFE0A-B2B3-46C6-AE31-464BDE21B8A9}.Release|x86.Build.0 = Release|Any CPU
		{3ADF37AB-5A97-45FA-9C36-F4B7B1AED668}.Debug|Any CPU.ActiveCfg = Debug|Any CPU
		{3ADF37AB-5A97-45FA-9C36-F4B7B1AED668}.Debug|Any CPU.Build.0 = Debug|Any CPU
		{3ADF37AB-5A97-45FA-9C36-F4B7B1AED668}.Debug|ARM.ActiveCfg = Debug|Any CPU
		{3ADF37AB-5A97-45FA-9C36-F4B7B1AED668}.Debug|ARM.Build.0 = Debug|Any CPU
		{3ADF37AB-5A97-45FA-9C36-F4B7B1AED668}.Debug|x64.ActiveCfg = Debug|Any CPU
		{3ADF37AB-5A97-45FA-9C36-F4B7B1AED668}.Debug|x64.Build.0 = Debug|Any CPU
		{3ADF37AB-5A97-45FA-9C36-F4B7B1AED668}.Debug|x86.ActiveCfg = Debug|Any CPU
		{3ADF37AB-5A97-45FA-9C36-F4B7B1AED668}.Debug|x86.Build.0 = Debug|Any CPU
		{3ADF37AB-5A97-45FA-9C36-F4B7B1AED668}.Release|Any CPU.ActiveCfg = Release|Any CPU
		{3ADF37AB-5A97-45FA-9C36-F4B7B1AED668}.Release|Any CPU.Build.0 = Release|Any CPU
		{3ADF37AB-5A97-45FA-9C36-F4B7B1AED668}.Release|ARM.ActiveCfg = Release|Any CPU
		{3ADF37AB-5A97-45FA-9C36-F4B7B1AED668}.Release|ARM.Build.0 = Release|Any CPU
		{3ADF37AB-5A97-45FA-9C36-F4B7B1AED668}.Release|x64.ActiveCfg = Release|Any CPU
		{3ADF37AB-5A97-45FA-9C36-F4B7B1AED668}.Release|x64.Build.0 = Release|Any CPU
		{3ADF37AB-5A97-45FA-9C36-F4B7B1AED668}.Release|x86.ActiveCfg = Release|Any CPU
		{3ADF37AB-5A97-45FA-9C36-F4B7B1AED668}.Release|x86.Build.0 = Release|Any CPU
		{76C08B37-980B-43EA-A0FF-DD56EC196CC7}.Debug|Any CPU.ActiveCfg = Debug|Any CPU
		{76C08B37-980B-43EA-A0FF-DD56EC196CC7}.Debug|Any CPU.Build.0 = Debug|Any CPU
		{76C08B37-980B-43EA-A0FF-DD56EC196CC7}.Debug|ARM.ActiveCfg = Debug|Any CPU
		{76C08B37-980B-43EA-A0FF-DD56EC196CC7}.Debug|ARM.Build.0 = Debug|Any CPU
		{76C08B37-980B-43EA-A0FF-DD56EC196CC7}.Debug|x64.ActiveCfg = Debug|Any CPU
		{76C08B37-980B-43EA-A0FF-DD56EC196CC7}.Debug|x64.Build.0 = Debug|Any CPU
		{76C08B37-980B-43EA-A0FF-DD56EC196CC7}.Debug|x86.ActiveCfg = Debug|Any CPU
		{76C08B37-980B-43EA-A0FF-DD56EC196CC7}.Debug|x86.Build.0 = Debug|Any CPU
		{76C08B37-980B-43EA-A0FF-DD56EC196CC7}.Release|Any CPU.ActiveCfg = Release|Any CPU
		{76C08B37-980B-43EA-A0FF-DD56EC196CC7}.Release|Any CPU.Build.0 = Release|Any CPU
		{76C08B37-980B-43EA-A0FF-DD56EC196CC7}.Release|ARM.ActiveCfg = Release|Any CPU
		{76C08B37-980B-43EA-A0FF-DD56EC196CC7}.Release|ARM.Build.0 = Release|Any CPU
		{76C08B37-980B-43EA-A0FF-DD56EC196CC7}.Release|x64.ActiveCfg = Release|Any CPU
		{76C08B37-980B-43EA-A0FF-DD56EC196CC7}.Release|x64.Build.0 = Release|Any CPU
		{76C08B37-980B-43EA-A0FF-DD56EC196CC7}.Release|x86.ActiveCfg = Release|Any CPU
		{76C08B37-980B-43EA-A0FF-DD56EC196CC7}.Release|x86.Build.0 = Release|Any CPU
		{8CFDB383-7349-495B-ADBD-272F80BCE0DC}.Debug|Any CPU.ActiveCfg = Debug|Any CPU
		{8CFDB383-7349-495B-ADBD-272F80BCE0DC}.Debug|Any CPU.Build.0 = Debug|Any CPU
		{8CFDB383-7349-495B-ADBD-272F80BCE0DC}.Debug|ARM.ActiveCfg = Debug|Any CPU
		{8CFDB383-7349-495B-ADBD-272F80BCE0DC}.Debug|ARM.Build.0 = Debug|Any CPU
		{8CFDB383-7349-495B-ADBD-272F80BCE0DC}.Debug|x64.ActiveCfg = Debug|Any CPU
		{8CFDB383-7349-495B-ADBD-272F80BCE0DC}.Debug|x64.Build.0 = Debug|Any CPU
		{8CFDB383-7349-495B-ADBD-272F80BCE0DC}.Debug|x86.ActiveCfg = Debug|Any CPU
		{8CFDB383-7349-495B-ADBD-272F80BCE0DC}.Debug|x86.Build.0 = Debug|Any CPU
		{8CFDB383-7349-495B-ADBD-272F80BCE0DC}.Release|Any CPU.ActiveCfg = Release|Any CPU
		{8CFDB383-7349-495B-ADBD-272F80BCE0DC}.Release|Any CPU.Build.0 = Release|Any CPU
		{8CFDB383-7349-495B-ADBD-272F80BCE0DC}.Release|ARM.ActiveCfg = Release|Any CPU
		{8CFDB383-7349-495B-ADBD-272F80BCE0DC}.Release|ARM.Build.0 = Release|Any CPU
		{8CFDB383-7349-495B-ADBD-272F80BCE0DC}.Release|x64.ActiveCfg = Release|Any CPU
		{8CFDB383-7349-495B-ADBD-272F80BCE0DC}.Release|x64.Build.0 = Release|Any CPU
		{8CFDB383-7349-495B-ADBD-272F80BCE0DC}.Release|x86.ActiveCfg = Release|Any CPU
		{8CFDB383-7349-495B-ADBD-272F80BCE0DC}.Release|x86.Build.0 = Release|Any CPU
		{A8B4E04F-75C7-4210-87E5-FF3FE4E71949}.Debug|Any CPU.ActiveCfg = Debug|Any CPU
		{A8B4E04F-75C7-4210-87E5-FF3FE4E71949}.Debug|Any CPU.Build.0 = Debug|Any CPU
		{A8B4E04F-75C7-4210-87E5-FF3FE4E71949}.Debug|ARM.ActiveCfg = Debug|Any CPU
		{A8B4E04F-75C7-4210-87E5-FF3FE4E71949}.Debug|ARM.Build.0 = Debug|Any CPU
		{A8B4E04F-75C7-4210-87E5-FF3FE4E71949}.Debug|x64.ActiveCfg = Debug|Any CPU
		{A8B4E04F-75C7-4210-87E5-FF3FE4E71949}.Debug|x64.Build.0 = Debug|Any CPU
		{A8B4E04F-75C7-4210-87E5-FF3FE4E71949}.Debug|x86.ActiveCfg = Debug|Any CPU
		{A8B4E04F-75C7-4210-87E5-FF3FE4E71949}.Debug|x86.Build.0 = Debug|Any CPU
		{A8B4E04F-75C7-4210-87E5-FF3FE4E71949}.Release|Any CPU.ActiveCfg = Release|Any CPU
		{A8B4E04F-75C7-4210-87E5-FF3FE4E71949}.Release|Any CPU.Build.0 = Release|Any CPU
		{A8B4E04F-75C7-4210-87E5-FF3FE4E71949}.Release|ARM.ActiveCfg = Release|Any CPU
		{A8B4E04F-75C7-4210-87E5-FF3FE4E71949}.Release|ARM.Build.0 = Release|Any CPU
		{A8B4E04F-75C7-4210-87E5-FF3FE4E71949}.Release|x64.ActiveCfg = Release|Any CPU
		{A8B4E04F-75C7-4210-87E5-FF3FE4E71949}.Release|x64.Build.0 = Release|Any CPU
		{A8B4E04F-75C7-4210-87E5-FF3FE4E71949}.Release|x86.ActiveCfg = Release|Any CPU
		{A8B4E04F-75C7-4210-87E5-FF3FE4E71949}.Release|x86.Build.0 = Release|Any CPU
		{BE0922F0-C468-4311-8FA3-824F5C5EE14B}.Debug|Any CPU.ActiveCfg = Debug|Any CPU
		{BE0922F0-C468-4311-8FA3-824F5C5EE14B}.Debug|Any CPU.Build.0 = Debug|Any CPU
		{BE0922F0-C468-4311-8FA3-824F5C5EE14B}.Debug|ARM.ActiveCfg = Debug|Any CPU
		{BE0922F0-C468-4311-8FA3-824F5C5EE14B}.Debug|ARM.Build.0 = Debug|Any CPU
		{BE0922F0-C468-4311-8FA3-824F5C5EE14B}.Debug|x64.ActiveCfg = Debug|Any CPU
		{BE0922F0-C468-4311-8FA3-824F5C5EE14B}.Debug|x64.Build.0 = Debug|Any CPU
		{BE0922F0-C468-4311-8FA3-824F5C5EE14B}.Debug|x86.ActiveCfg = Debug|Any CPU
		{BE0922F0-C468-4311-8FA3-824F5C5EE14B}.Debug|x86.Build.0 = Debug|Any CPU
		{BE0922F0-C468-4311-8FA3-824F5C5EE14B}.Release|Any CPU.ActiveCfg = Release|Any CPU
		{BE0922F0-C468-4311-8FA3-824F5C5EE14B}.Release|Any CPU.Build.0 = Release|Any CPU
		{BE0922F0-C468-4311-8FA3-824F5C5EE14B}.Release|ARM.ActiveCfg = Release|Any CPU
		{BE0922F0-C468-4311-8FA3-824F5C5EE14B}.Release|ARM.Build.0 = Release|Any CPU
		{BE0922F0-C468-4311-8FA3-824F5C5EE14B}.Release|x64.ActiveCfg = Release|Any CPU
		{BE0922F0-C468-4311-8FA3-824F5C5EE14B}.Release|x64.Build.0 = Release|Any CPU
		{BE0922F0-C468-4311-8FA3-824F5C5EE14B}.Release|x86.ActiveCfg = Release|Any CPU
		{BE0922F0-C468-4311-8FA3-824F5C5EE14B}.Release|x86.Build.0 = Release|Any CPU
	EndGlobalSection
	GlobalSection(SolutionProperties) = preSolution
		HideSolutionNode = FALSE
	EndGlobalSection
	GlobalSection(NestedProjects) = preSolution
		{FA43E6FA-F61C-4857-BADF-D55A67C8EC3A} = {030783D5-8B49-446B-B4BD-623CE9C87C7E}
		{4A9088AD-8447-4812-9800-8E5625CF99D0} = {FA43E6FA-F61C-4857-BADF-D55A67C8EC3A}
		{6BAAE104-3B8A-441F-8736-8DC9F4A27AFA} = {FA43E6FA-F61C-4857-BADF-D55A67C8EC3A}
		{A01BD832-A9EE-48B7-A311-49110BE604F1} = {FA43E6FA-F61C-4857-BADF-D55A67C8EC3A}
		{C944CD78-EC8C-4A93-B63D-5A3E1C27089D} = {3C923F3D-A5E7-41ED-8022-35E629B70112}
		{B33CFE0A-B2B3-46C6-AE31-464BDE21B8A9} = {FC9A0D21-3049-40EF-B6F1-55DA2CB685F3}
		{3ADF37AB-5A97-45FA-9C36-F4B7B1AED668} = {FC9A0D21-3049-40EF-B6F1-55DA2CB685F3}
		{76C08B37-980B-43EA-A0FF-DD56EC196CC7} = {BA0DFE0E-2CBC-4DB4-AFEE-2A0D83146610}
		{8CFDB383-7349-495B-ADBD-272F80BCE0DC} = {FC9A0D21-3049-40EF-B6F1-55DA2CB685F3}
		{A8B4E04F-75C7-4210-87E5-FF3FE4E71949} = {FC9A0D21-3049-40EF-B6F1-55DA2CB685F3}
		{E746D090-A0B5-47FF-81DA-6E5BE3A28B4E} = {030783D5-8B49-446B-B4BD-623CE9C87C7E}
		{3C923F3D-A5E7-41ED-8022-35E629B70112} = {030783D5-8B49-446B-B4BD-623CE9C87C7E}
		{6A7BC2F0-4F87-46B4-9D1C-87D6E98BE1AE} = {E746D090-A0B5-47FF-81DA-6E5BE3A28B4E}
		{BE0922F0-C468-4311-8FA3-824F5C5EE14B} = {E746D090-A0B5-47FF-81DA-6E5BE3A28B4E}
		{5334DEBC-D11E-4B35-B0D2-5F597A4ABB6C} = {3C923F3D-A5E7-41ED-8022-35E629B70112}
		{441EAA6A-41E4-405A-856D-A8D521D7A3B8} = {BA0DFE0E-2CBC-4DB4-AFEE-2A0D83146610}
		{BA0DFE0E-2CBC-4DB4-AFEE-2A0D83146610} = {030783D5-8B49-446B-B4BD-623CE9C87C7E}
	EndGlobalSection
	GlobalSection(ExtensibilityGlobals) = postSolution
		SolutionGuid = {D31C8A92-3AD8-42D0-8245-C9C28B33C285}
	EndGlobalSection
EndGlobal
